lockfileVersion: 5.3

specifiers:
  dts-gen: ^0.6.0
  moment: ^2.29.1

dependencies:
  moment: 2.29.1

devDependencies:
  dts-gen: 0.6.0

packages:

  /ansi-regex/2.1.1:
    resolution: {integrity: sha1-w7M6te42DYbg5ijwRorn7yfWVN8=}
    engines: {node: '>=0.10.0'}
    dev: true

  /camelcase/3.0.0:
    resolution: {integrity: sha1-MvxLn82vhF/N9+c7uXysImHwqwo=}
    engines: {node: '>=0.10.0'}
    dev: true

  /cliui/3.2.0:
    resolution: {integrity: sha1-EgYBU3qRbSmUD5NNo7SNWFo5IT0=}
    dependencies:
      string-width: 1.0.2
      strip-ansi: 3.0.1
      wrap-ansi: 2.1.0
    dev: true

  /code-point-at/1.1.0:
    resolution: {integrity: sha1-DQcLTQQ6W+ozovGkDi7bPZpMz3c=}
    engines: {node: '>=0.10.0'}
    dev: true

  /decamelize/1.2.0:
    resolution: {integrity: sha1-9lNNFRSCabIDUue+4m9QH5oZEpA=}
    engines: {node: '>=0.10.0'}
    dev: true

  /dts-dom/3.6.0:
    resolution: {integrity: sha512-on5jxTgt+A6r0Zyyz6ZRHXaAO7J1VPnOd6+AmvI1vH440AlAZZNc5rUHzgPuTjGlrVr1rOWQYNl7ZJK6rDohbw==}
    dev: true

  /dts-gen/0.6.0:
    resolution: {integrity: sha512-+LKOXiE3L5mvwz6GedgjiFM7PO1jbqXuM40JlhW/WPIef1/wSO4JPCAou2RrOcAjceX58ncZCt3wx+n8I5Nyyg==}
    engines: {node: '>=6.0.0'}
    hasBin: true
    dependencies:
      dts-dom: 3.6.0
      parse-git-config: 1.1.1
      typescript: 3.9.10
      yargs: 4.8.1
    dev: true

  /error-ex/1.3.2:
    resolution: {integrity: sha512-7dFHNmqeFSEt2ZBsCriorKnn3Z2pj+fd9kmI6QoWw4//DL+icEBfc0U7qJCisqrTsKTjw4fNFy2pW9OqStD84g==}
    dependencies:
      is-arrayish: 0.2.1
    dev: true

  /extend-shallow/2.0.1:
    resolution: {integrity: sha1-Ua99YUrZqfYQ6huvu5idaxxWiQ8=}
    engines: {node: '>=0.10.0'}
    dependencies:
      is-extendable: 0.1.1
    dev: true

  /find-up/1.1.2:
    resolution: {integrity: sha1-ay6YIrGizgpgq2TWEOzK1TyyTQ8=}
    engines: {node: '>=0.10.0'}
    dependencies:
      path-exists: 2.1.0
      pinkie-promise: 2.0.1
    dev: true

  /fs-exists-sync/0.1.0:
    resolution: {integrity: sha1-mC1ok6+RjnLQjeyehnP/K1qNat0=}
    engines: {node: '>=0.10.0'}
    dev: true

  /function-bind/1.1.1:
    resolution: {integrity: sha512-yIovAzMX49sF8Yl58fSCWJ5svSLuaibPxXQJFLmBObTuCr0Mf1KiPopGM9NiFjiYBCbfaa2Fh6breQ6ANVTI0A==}
    dev: true

  /get-caller-file/1.0.3:
    resolution: {integrity: sha512-3t6rVToeoZfYSGd8YoLFR2DJkiQrIiUrGcjvFX2mDw3bn6k2OtwHN0TNCLbBO+w8qTvimhDkv+LSscbJY1vE6w==}
    dev: true

  /git-config-path/1.0.1:
    resolution: {integrity: sha1-bTP37WPbDQ4RgTFQO6s6ykfVRmQ=}
    engines: {node: '>=0.10.0'}
    dependencies:
      extend-shallow: 2.0.1
      fs-exists-sync: 0.1.0
      homedir-polyfill: 1.0.3
    dev: true

  /graceful-fs/4.2.9:
    resolution: {integrity: sha512-NtNxqUcXgpW2iMrfqSfR73Glt39K+BLwWsPs94yR63v45T0Wbej7eRmL5cWfwEgqXnmjQp3zaJTshdRW/qC2ZQ==}
    dev: true

  /has/1.0.3:
    resolution: {integrity: sha512-f2dvO0VU6Oej7RkWJGrehjbzMAjFp5/VKPp5tTpWIV4JHHZK1/BxbFRtf/siA2SWTe09caDmVtYYzWEIbBS4zw==}
    engines: {node: '>= 0.4.0'}
    dependencies:
      function-bind: 1.1.1
    dev: true

  /homedir-polyfill/1.0.3:
    resolution: {integrity: sha512-eSmmWE5bZTK2Nou4g0AI3zZ9rswp7GRKoKXS1BLUkvPviOqs4YTN1djQIqrXy9k5gEtdLPy86JjRwsNM9tnDcA==}
    engines: {node: '>=0.10.0'}
    dependencies:
      parse-passwd: 1.0.0
    dev: true

  /hosted-git-info/2.8.9:
    resolution: {integrity: sha512-mxIDAb9Lsm6DoOJ7xH+5+X4y1LU/4Hi50L9C5sIswK3JzULS4bwk1FvjdBgvYR4bzT4tuUQiC15FE2f5HbLvYw==}
    dev: true

  /ini/1.3.8:
    resolution: {integrity: sha512-JV/yugV2uzW5iMRSiZAyDtQd+nxtUnjeLt0acNdw98kKLrvuRVyB80tsREOE7yvGVgalhZ6RNXCmEHkUKBKxew==}
    dev: true

  /invert-kv/1.0.0:
    resolution: {integrity: sha1-EEqOSqym09jNFXqO+L+rLXo//bY=}
    engines: {node: '>=0.10.0'}
    dev: true

  /is-arrayish/0.2.1:
    resolution: {integrity: sha1-d8mYQFJ6qOyxqLppe4BkWnqSap0=}
    dev: true

  /is-core-module/2.8.1:
    resolution: {integrity: sha512-SdNCUs284hr40hFTFP6l0IfZ/RSrMXF3qgoRHd3/79unUTvrFO/JoXwkGm+5J/Oe3E/b5GsnG330uUNgRpu1PA==}
    dependencies:
      has: 1.0.3
    dev: true

  /is-extendable/0.1.1:
    resolution: {integrity: sha1-YrEQ4omkcUGOPsNqYX1HLjAd/Ik=}
    engines: {node: '>=0.10.0'}
    dev: true

  /is-fullwidth-code-point/1.0.0:
    resolution: {integrity: sha1-754xOG8DGn8NZDr4L95QxFfvAMs=}
    engines: {node: '>=0.10.0'}
    dependencies:
      number-is-nan: 1.0.1
    dev: true

  /is-utf8/0.2.1:
    resolution: {integrity: sha1-Sw2hRCEE0bM2NA6AeX6GXPOffXI=}
    dev: true

  /lcid/1.0.0:
    resolution: {integrity: sha1-MIrMr6C8SDo4Z7S28rlQYlHRuDU=}
    engines: {node: '>=0.10.0'}
    dependencies:
      invert-kv: 1.0.0
    dev: true

  /load-json-file/1.1.0:
    resolution: {integrity: sha1-lWkFcI1YtLq0wiYbBPWfMcmTdMA=}
    engines: {node: '>=0.10.0'}
    dependencies:
      graceful-fs: 4.2.9
      parse-json: 2.2.0
      pify: 2.3.0
      pinkie-promise: 2.0.1
      strip-bom: 2.0.0
    dev: true

  /lodash.assign/4.2.0:
    resolution: {integrity: sha1-DZnzzNem0mHRm9rrkkUAXShYCOc=}
    dev: true

  /moment/2.29.1:
    resolution: {integrity: sha512-kHmoybcPV8Sqy59DwNDY3Jefr64lK/by/da0ViFcuA4DH0vQg5Q6Ze5VimxkfQNSC+Mls/Kx53s7TjP1RhFEDQ==}
    dev: false

  /normalize-package-data/2.5.0:
    resolution: {integrity: sha512-/5CMN3T0R4XTj4DcGaexo+roZSdSFW/0AOOTROrjxzCG1wrWXEsGbRKevjlIL+ZDE4sZlJr5ED4YW0yqmkK+eA==}
    dependencies:
      hosted-git-info: 2.8.9
      resolve: 1.22.0
      semver: 5.7.1
      validate-npm-package-license: 3.0.4
    dev: true

  /number-is-nan/1.0.1:
    resolution: {integrity: sha1-CXtgK1NCKlIsGvuHkDGDNpQaAR0=}
    engines: {node: '>=0.10.0'}
    dev: true

  /os-locale/1.4.0:
    resolution: {integrity: sha1-IPnxeuKe00XoveWDsT0gCYA8FNk=}
    engines: {node: '>=0.10.0'}
    dependencies:
      lcid: 1.0.0
    dev: true

  /parse-git-config/1.1.1:
    resolution: {integrity: sha1-06mYQxcTL1c5hxK7pDjhKVkN34w=}
    engines: {node: '>=0.10.0'}
    dependencies:
      extend-shallow: 2.0.1
      fs-exists-sync: 0.1.0
      git-config-path: 1.0.1
      ini: 1.3.8
    dev: true

  /parse-json/2.2.0:
    resolution: {integrity: sha1-9ID0BDTvgHQfhGkJn43qGPVaTck=}
    engines: {node: '>=0.10.0'}
    dependencies:
      error-ex: 1.3.2
    dev: true

  /parse-passwd/1.0.0:
    resolution: {integrity: sha1-bVuTSkVpk7I9N/QKOC1vFmao5cY=}
    engines: {node: '>=0.10.0'}
    dev: true

  /path-exists/2.1.0:
    resolution: {integrity: sha1-D+tsZPD8UY2adU3V77YscCJ2H0s=}
    engines: {node: '>=0.10.0'}
    dependencies:
      pinkie-promise: 2.0.1
    dev: true

  /path-parse/1.0.7:
    resolution: {integrity: sha512-LDJzPVEEEPR+y48z93A0Ed0yXb8pAByGWo/k5YYdYgpY2/2EsOsksJrq7lOHxryrVOn1ejG6oAp8ahvOIQD8sw==}
    dev: true

  /path-type/1.1.0:
    resolution: {integrity: sha1-WcRPfuSR2nBNpBXaWkBwuk+P5EE=}
    engines: {node: '>=0.10.0'}
    dependencies:
      graceful-fs: 4.2.9
      pify: 2.3.0
      pinkie-promise: 2.0.1
    dev: true

  /pify/2.3.0:
    resolution: {integrity: sha1-7RQaasBDqEnqWISY59yosVMw6Qw=}
    engines: {node: '>=0.10.0'}
    dev: true

  /pinkie-promise/2.0.1:
    resolution: {integrity: sha1-ITXW36ejWMBprJsXh3YogihFD/o=}
    engines: {node: '>=0.10.0'}
    dependencies:
      pinkie: 2.0.4
    dev: true

  /pinkie/2.0.4:
    resolution: {integrity: sha1-clVrgM+g1IqXToDnckjoDtT3+HA=}
    engines: {node: '>=0.10.0'}
    dev: true

  /read-pkg-up/1.0.1:
    resolution: {integrity: sha1-nWPBMnbAZZGNV/ACpX9AobZD+wI=}
    engines: {node: '>=0.10.0'}
    dependencies:
      find-up: 1.1.2
      read-pkg: 1.1.0
    dev: true

  /read-pkg/1.1.0:
    resolution: {integrity: sha1-9f+qXs0pyzHAR0vKfXVra7KePyg=}
    engines: {node: '>=0.10.0'}
    dependencies:
      load-json-file: 1.1.0
      normalize-package-data: 2.5.0
      path-type: 1.1.0
    dev: true

  /require-directory/2.1.1:
    resolution: {integrity: sha1-jGStX9MNqxyXbiNE/+f3kqam30I=}
    engines: {node: '>=0.10.0'}
    dev: true

  /require-main-filename/1.0.1:
    resolution: {integrity: sha1-l/cXtp1IeE9fUmpsWqj/3aBVpNE=}
    dev: true

  /resolve/1.22.0:
    resolution: {integrity: sha512-Hhtrw0nLeSrFQ7phPp4OOcVjLPIeMnRlr5mcnVuMe7M/7eBn98A3hmFRLoFo3DLZkivSYwhRUJTyPyWAk56WLw==}
    hasBin: true
    dependencies:
      is-core-module: 2.8.1
      path-parse: 1.0.7
      supports-preserve-symlinks-flag: 1.0.0
    dev: true

  /semver/5.7.1:
    resolution: {integrity: sha512-sauaDf/PZdVgrLTNYHRtpXa1iRiKcaebiKQ1BJdpQlWH2lCvexQdX55snPFyK7QzpudqbCI0qXFfOasHdyNDGQ==}
    hasBin: true
    dev: true

  /set-blocking/2.0.0:
    resolution: {integrity: sha1-BF+XgtARrppoA93TgrJDkrPYkPc=}
    dev: true

  /spdx-correct/3.1.1:
    resolution: {integrity: sha512-cOYcUWwhCuHCXi49RhFRCyJEK3iPj1Ziz9DpViV3tbZOwXD49QzIN3MpOLJNxh2qwq2lJJZaKMVw9qNi4jTC0w==}
    dependencies:
      spdx-expression-parse: 3.0.1
      spdx-license-ids: 3.0.11
    dev: true

  /spdx-exceptions/2.3.0:
    resolution: {integrity: sha512-/tTrYOC7PPI1nUAgx34hUpqXuyJG+DTHJTnIULG4rDygi4xu/tfgmq1e1cIRwRzwZgo4NLySi+ricLkZkw4i5A==}
    dev: true

  /spdx-expression-parse/3.0.1:
    resolution: {integrity: sha512-cbqHunsQWnJNE6KhVSMsMeH5H/L9EpymbzqTQ3uLwNCLZ1Q481oWaofqH7nO6V07xlXwY6PhQdQ2IedWx/ZK4Q==}
    dependencies:
      spdx-exceptions: 2.3.0
      spdx-license-ids: 3.0.11
    dev: true

  /spdx-license-ids/3.0.11:
    resolution: {integrity: sha512-Ctl2BrFiM0X3MANYgj3CkygxhRmr9mi6xhejbdO960nF6EDJApTYpn0BQnDKlnNBULKiCN1n3w9EBkHK8ZWg+g==}
    dev: true

  /string-width/1.0.2:
    resolution: {integrity: sha1-EYvfW4zcUaKn5w0hHgfisLmxB9M=}
    engines: {node: '>=0.10.0'}
    dependencies:
      code-point-at: 1.1.0
      is-fullwidth-code-point: 1.0.0
      strip-ansi: 3.0.1
    dev: true

  /strip-ansi/3.0.1:
    resolution: {integrity: sha1-ajhfuIU9lS1f8F0Oiq+UJ43GPc8=}
    engines: {node: '>=0.10.0'}
    dependencies:
      ansi-regex: 2.1.1
    dev: true

  /strip-bom/2.0.0:
    resolution: {integrity: sha1-YhmoVhZSBJHzV4i9vxRHqZx+aw4=}
    engines: {node: '>=0.10.0'}
    dependencies:
      is-utf8: 0.2.1
    dev: true

  /supports-preserve-symlinks-flag/1.0.0:
    resolution: {integrity: sha512-ot0WnXS9fgdkgIcePe6RHNk1WA8+muPa6cSjeR3V8K27q9BB1rTE3R1p7Hv0z1ZyAc8s6Vvv8DIyWf681MAt0w==}
    engines: {node: '>= 0.4'}
    dev: true

  /typescript/3.9.10:
    resolution: {integrity: sha512-w6fIxVE/H1PkLKcCPsFqKE7Kv7QUwhU8qQY2MueZXWx5cPZdwFupLgKK3vntcK98BtNHZtAF4LA/yl2a7k8R6Q==}
    engines: {node: '>=4.2.0'}
    hasBin: true
    dev: true

  /validate-npm-package-license/3.0.4:
    resolution: {integrity: sha512-DpKm2Ui/xN7/HQKCtpZxoRWBhZ9Z0kqtygG8XCgNQ8ZlDnxuQmWhj566j8fN4Cu3/JmbhsDo7fcAJq4s9h27Ew==}
    dependencies:
      spdx-correct: 3.1.1
      spdx-expression-parse: 3.0.1
    dev: true

  /which-module/1.0.0:
    resolution: {integrity: sha1-u6Y8qGGUiZT/MHc2CJ47lgJsKk8=}
    dev: true

  /window-size/0.2.0:
    resolution: {integrity: sha1-tDFbtCFKPXBY6+7okuE/ok2YsHU=}
    engines: {node: '>= 0.10.0'}
    hasBin: true
    dev: true

  /wrap-ansi/2.1.0:
    resolution: {integrity: sha1-2Pw9KE3QV5T+hJc8rs3Rz4JP3YU=}
    engines: {node: '>=0.10.0'}
    dependencies:
      string-width: 1.0.2
      strip-ansi: 3.0.1
    dev: true

  /y18n/3.2.2:
    resolution: {integrity: sha512-uGZHXkHnhF0XeeAPgnKfPv1bgKAYyVvmNL1xlKsPYZPaIHxGti2hHqvOCQv71XMsLxu1QjergkqogUnms5D3YQ==}
    dev: true

  /yargs-parser/2.4.1:
    resolution: {integrity: sha1-hVaN488VD/SfpRgl8DqMiA3cxcQ=}
    dependencies:
      camelcase: 3.0.0
      lodash.assign: 4.2.0
    dev: true

  /yargs/4.8.1:
    resolution: {integrity: sha1-wMQpJMpKqmsObaFznfshZDn53cA=}
    dependencies:
      cliui: 3.2.0
      decamelize: 1.2.0
      get-caller-file: 1.0.3
      lodash.assign: 4.2.0
      os-locale: 1.4.0
      read-pkg-up: 1.0.1
      require-directory: 2.1.1
      require-main-filename: 1.0.1
      set-blocking: 2.0.0
      string-width: 1.0.2
      which-module: 1.0.0
      window-size: 0.2.0
      y18n: 3.2.2
      yargs-parser: 2.4.1
    dev: true
